
Microsoft Visual Studio Solution File, Format Version 12.00
# Visual Studio 15
VisualStudioVersion = 15.0.28307.329
MinimumVisualStudioVersion = 10.0.40219.1
Project("{A0786B88-2ADB-4C21-ABE8-AA2D79766269}") = "WOTRphp", "..\..\..\..\..\Users\aduvois\source\repos\WOTRphp\WOTRphp\WOTRphp.phpproj", "{3A13E6D3-934F-48F2-ACAE-706B6065A726}"
EndProject
Global
	GlobalSection(SolutionConfigurationPlatforms) = preSolution
		Debug|Any CPU = Debug|Any CPU
		Release|Any CPU = Release|Any CPU
	EndGlobalSection
	GlobalSection(ProjectConfigurationPlatforms) = postSolution
		{3A13E6D3-934F-48F2-ACAE-706B6065A726}.Debug|Any CPU.ActiveCfg = Debug|Any CPU
		{3A13E6D3-934F-48F2-ACAE-706B6065A726}.Release|Any CPU.ActiveCfg = Release|Any CPU
	EndGlobalSection
	GlobalSection(SolutionProperties) = preSolution
		HideSolutionNode = FALSE
	EndGlobalSection
	GlobalSection(ExtensibilityGlobals) = postSolution
		SolutionGuid = {169BF680-9844-4B94-AD93-49BCC07FAA33}
	EndGlobalSection
EndGlobal
