
Microsoft Visual Studio Solution File, Format Version 12.00
# Visual Studio 15
VisualStudioVersion = 15.0.28307.329
MinimumVisualStudioVersion = 10.0.40219.1
Project("{FAE04EC0-301F-11D3-BF4B-00C04F79EFBC}") = "WindowsFormsApp1", "WindowsFormsApp1\WindowsFormsApp1.csproj", "{D66E4EDA-DB62-4CE6-8655-9F2F83B9A206}"
EndProject
Global
	GlobalSection(SolutionConfigurationPlatforms) = preSolution
		Debug|Any CPU = Debug|Any CPU
		Release|Any CPU = Release|Any CPU
	EndGlobalSection
	GlobalSection(ProjectConfigurationPlatforms) = postSolution
		{D66E4EDA-DB62-4CE6-8655-9F2F83B9A206}.Debug|Any CPU.ActiveCfg = Debug|Any CPU
		{D66E4EDA-DB62-4CE6-8655-9F2F83B9A206}.Debug|Any CPU.Build.0 = Debug|Any CPU
		{D66E4EDA-DB62-4CE6-8655-9F2F83B9A206}.Release|Any CPU.ActiveCfg = Release|Any CPU
		{D66E4EDA-DB62-4CE6-8655-9F2F83B9A206}.Release|Any CPU.Build.0 = Release|Any CPU
	EndGlobalSection
	GlobalSection(SolutionProperties) = preSolution
		HideSolutionNode = FALSE
	EndGlobalSection
	GlobalSection(ExtensibilityGlobals) = postSolution
		SolutionGuid = {31428B77-9D15-486B-910D-3B1831C75373}
	EndGlobalSection
EndGlobal
