
Microsoft Visual Studio Solution File, Format Version 12.00
# Visual Studio 15
VisualStudioVersion = 15.0.28307.329
MinimumVisualStudioVersion = 10.0.40219.1
Project("{A0786B88-2ADB-4C21-ABE8-AA2D79766269}") = "Authentification", "..\..\..\..\..\..\Users\aduvois\Documents\GitHub\COMMUN\Authentification\Authentification\Authentification.phpproj", "{0B1C754D-3199-4FFD-87EB-6427F8AAA34E}"
EndProject
Global
	GlobalSection(SolutionConfigurationPlatforms) = preSolution
		Debug|Any CPU = Debug|Any CPU
		Release|Any CPU = Release|Any CPU
	EndGlobalSection
	GlobalSection(ProjectConfigurationPlatforms) = postSolution
		{0B1C754D-3199-4FFD-87EB-6427F8AAA34E}.Debug|Any CPU.ActiveCfg = Debug|Any CPU
		{0B1C754D-3199-4FFD-87EB-6427F8AAA34E}.Release|Any CPU.ActiveCfg = Release|Any CPU
	EndGlobalSection
	GlobalSection(SolutionProperties) = preSolution
		HideSolutionNode = FALSE
	EndGlobalSection
	GlobalSection(ExtensibilityGlobals) = postSolution
		SolutionGuid = {84AF0BAD-B1C4-4F70-82DE-6CBF66DC0C71}
	EndGlobalSection
EndGlobal
